
Microsoft Visual Studio Solution File, Format Version 12.00
# Visual Studio 15
VisualStudioVersion = 15.0.27703.2047
MinimumVisualStudioVersion = 10.0.40219.1
Project("{FAE04EC0-301F-11D3-BF4B-00C04F79EFBC}") = "Ejercicio 00", "Ejercicio 00\Ejercicio 00.csproj", "{DEF77369-284A-41FF-8275-23541A1CC10E}"
EndProject
Project("{FAE04EC0-301F-11D3-BF4B-00C04F79EFBC}") = "Ejercicio 01", "Ejercicio 01\Ejercicio 01.csproj", "{CD79FC0A-4BE7-4C79-9EBA-9EAC087DC7A1}"
EndProject
Project("{FAE04EC0-301F-11D3-BF4B-00C04F79EFBC}") = "Ejercicio Clase 02", "Ejercicio Clase 02\Ejercicio Clase 02.csproj", "{CE8588B5-E5AE-4ECF-BEB4-2C058D96C983}"
EndProject
Project("{FAE04EC0-301F-11D3-BF4B-00C04F79EFBC}") = "Ejercicio 02", "Ejercicio 02\Ejercicio 02.csproj", "{7ABF982A-1FBD-4208-9F03-A0126469C0BE}"
EndProject
Project("{FAE04EC0-301F-11D3-BF4B-00C04F79EFBC}") = "Ejercicio 03", "Ejercicio 03\Ejercicio 03.csproj", "{21193507-7F03-4C5B-8D70-6A2B68C334A9}"
EndProject
Project("{FAE04EC0-301F-11D3-BF4B-00C04F79EFBC}") = "Ejercicio 04", "Ejercicio 04\Ejercicio 04.csproj", "{04515FE7-47BF-4AD4-8109-EE72D1714FCE}"
EndProject
Project("{FAE04EC0-301F-11D3-BF4B-00C04F79EFBC}") = "Ejercicio 05", "Ejercicio 05\Ejercicio 05.csproj", "{2172DD9E-F7FF-45A1-B04A-334FC70892DB}"
EndProject
Project("{FAE04EC0-301F-11D3-BF4B-00C04F79EFBC}") = "Ejercicio 06", "Ejercicio 06\Ejercicio 06.csproj", "{92517DB8-D57B-4027-9E02-E5F308B6163B}"
EndProject
Project("{FAE04EC0-301F-11D3-BF4B-00C04F79EFBC}") = "Ejercicio 07", "Ejercicio 07\Ejercicio 07.csproj", "{91F60153-B5AE-4CC4-8313-765166B18998}"
EndProject
Project("{FAE04EC0-301F-11D3-BF4B-00C04F79EFBC}") = "Ejercicio Clase 04", "Ejercicio Clase 04\Ejercicio Clase 04.csproj", "{A145CF94-E979-4C00-BF0B-F92B2DF66F79}"
EndProject
Project("{9A19103F-16F7-4668-BE54-9A1E7A4F7556}") = "Entidades", "Entidades\Entidades.csproj", "{83F5B0B6-74BA-4051-96C6-0B3958AE1170}"
EndProject
Project("{FAE04EC0-301F-11D3-BF4B-00C04F79EFBC}") = "Entidades Test", "Entidades Test\Entidades Test.csproj", "{B8B889AC-EA49-454A-BD51-B0653B17AE98}"
EndProject
Project("{FAE04EC0-301F-11D3-BF4B-00C04F79EFBC}") = "Ejercicio 08", "Ejercicio 08\Ejercicio 08.csproj", "{5EED8562-4A9C-4D5A-8AA1-96F28B7B7757}"
EndProject
Project("{FAE04EC0-301F-11D3-BF4B-00C04F79EFBC}") = "Ejercicio 09", "Ejercicio 09\Ejercicio 09.csproj", "{935780F4-A427-47AD-BCD2-077DE4F2BBF9}"
EndProject
Project("{FAE04EC0-301F-11D3-BF4B-00C04F79EFBC}") = "Ejercicio 10", "Ejercicio 10\Ejercicio 10.csproj", "{052004D5-4733-42B6-A966-10F4FBD9015B}"
EndProject
Project("{FAE04EC0-301F-11D3-BF4B-00C04F79EFBC}") = "Ejercicio 11", "Ejercicio 11\Ejercicio 11.csproj", "{4691B023-F8C6-4611-9A17-3C89C5E12F85}"
EndProject
Project("{FAE04EC0-301F-11D3-BF4B-00C04F79EFBC}") = "Ejercicio 12", "Ejercicio 12\Ejercicio 12.csproj", "{C11EEFA0-07CE-445B-9F93-738C6F827792}"
EndProject
Project("{FAE04EC0-301F-11D3-BF4B-00C04F79EFBC}") = "Ejercicio 13", "Ejercicio 13\Ejercicio 13.csproj", "{AFD6E44A-B000-4EEE-B3ED-58BFCB921F0E}"
EndProject
Project("{FAE04EC0-301F-11D3-BF4B-00C04F79EFBC}") = "Ejercicio 14", "Ejercicio 14\Ejercicio 14.csproj", "{40F55C3D-7FA7-4974-805F-F850E2107F21}"
EndProject
Project("{FAE04EC0-301F-11D3-BF4B-00C04F79EFBC}") = "Ejercicio 15", "Ejercicio 15\Ejercicio 15.csproj", "{65F04E02-E642-4EEB-BD94-39454D3908CC}"
EndProject
Project("{9A19103F-16F7-4668-BE54-9A1E7A4F7556}") = "ValidarRespuesta", "ValidarRespuesta\ValidarRespuesta.csproj", "{41D5262F-7414-4DA3-A2E2-6F54BB5646C8}"
EndProject
Project("{FAE04EC0-301F-11D3-BF4B-00C04F79EFBC}") = "Ejercicio 16", "Ejercicio 16\Ejercicio 16.csproj", "{A620F4F3-9089-4026-A2B0-0B5F503A6BDE}"
EndProject
Project("{2150E333-8FDC-42A3-9474-1A3956D46DE8}") = "Ejercícios de la guía", "Ejercícios de la guía", "{F8B47C95-DE43-4D1A-AE12-D13B9DB48699}"
EndProject
Project("{2150E333-8FDC-42A3-9474-1A3956D46DE8}") = "Ejercícios del curso", "Ejercícios del curso", "{649212CD-5B9C-4249-B0FA-06ABD1E1ADE5}"
EndProject
Project("{FAE04EC0-301F-11D3-BF4B-00C04F79EFBC}") = "Ejercicio Clase 05", "Ejercicio Clase 05\Ejercicio Clase 05.csproj", "{98FA7BE1-87F1-4CFE-873A-1128EDDA12E1}"
EndProject
Project("{FAE04EC0-301F-11D3-BF4B-00C04F79EFBC}") = "Ejercicio Clase 06", "Ejercicio Clase 06\Ejercicio Clase 06.csproj", "{C4D2E638-A270-41BE-9ABD-DE81D16984CD}"
EndProject
Project("{FAE04EC0-301F-11D3-BF4B-00C04F79EFBC}") = "Ejercicio 17", "Ejercicio 17\Ejercicio 17.csproj", "{3794C665-468E-40CA-8C67-5A3D246C16A4}"
EndProject
Project("{FAE04EC0-301F-11D3-BF4B-00C04F79EFBC}") = "Ejercicio 18", "Ejercicio 18\Ejercicio 18.csproj", "{9C6F5B79-371C-4F85-9AD0-C985D52E0569}"
EndProject
Global
	GlobalSection(SolutionConfigurationPlatforms) = preSolution
		Debug|Any CPU = Debug|Any CPU
		Release|Any CPU = Release|Any CPU
	EndGlobalSection
	GlobalSection(ProjectConfigurationPlatforms) = postSolution
		{DEF77369-284A-41FF-8275-23541A1CC10E}.Debug|Any CPU.ActiveCfg = Debug|Any CPU
		{DEF77369-284A-41FF-8275-23541A1CC10E}.Debug|Any CPU.Build.0 = Debug|Any CPU
		{DEF77369-284A-41FF-8275-23541A1CC10E}.Release|Any CPU.ActiveCfg = Release|Any CPU
		{DEF77369-284A-41FF-8275-23541A1CC10E}.Release|Any CPU.Build.0 = Release|Any CPU
		{CD79FC0A-4BE7-4C79-9EBA-9EAC087DC7A1}.Debug|Any CPU.ActiveCfg = Debug|Any CPU
		{CD79FC0A-4BE7-4C79-9EBA-9EAC087DC7A1}.Debug|Any CPU.Build.0 = Debug|Any CPU
		{CD79FC0A-4BE7-4C79-9EBA-9EAC087DC7A1}.Release|Any CPU.ActiveCfg = Release|Any CPU
		{CD79FC0A-4BE7-4C79-9EBA-9EAC087DC7A1}.Release|Any CPU.Build.0 = Release|Any CPU
		{CE8588B5-E5AE-4ECF-BEB4-2C058D96C983}.Debug|Any CPU.ActiveCfg = Debug|Any CPU
		{CE8588B5-E5AE-4ECF-BEB4-2C058D96C983}.Debug|Any CPU.Build.0 = Debug|Any CPU
		{CE8588B5-E5AE-4ECF-BEB4-2C058D96C983}.Release|Any CPU.ActiveCfg = Release|Any CPU
		{CE8588B5-E5AE-4ECF-BEB4-2C058D96C983}.Release|Any CPU.Build.0 = Release|Any CPU
		{7ABF982A-1FBD-4208-9F03-A0126469C0BE}.Debug|Any CPU.ActiveCfg = Debug|Any CPU
		{7ABF982A-1FBD-4208-9F03-A0126469C0BE}.Debug|Any CPU.Build.0 = Debug|Any CPU
		{7ABF982A-1FBD-4208-9F03-A0126469C0BE}.Release|Any CPU.ActiveCfg = Release|Any CPU
		{7ABF982A-1FBD-4208-9F03-A0126469C0BE}.Release|Any CPU.Build.0 = Release|Any CPU
		{21193507-7F03-4C5B-8D70-6A2B68C334A9}.Debug|Any CPU.ActiveCfg = Debug|Any CPU
		{21193507-7F03-4C5B-8D70-6A2B68C334A9}.Debug|Any CPU.Build.0 = Debug|Any CPU
		{21193507-7F03-4C5B-8D70-6A2B68C334A9}.Release|Any CPU.ActiveCfg = Release|Any CPU
		{21193507-7F03-4C5B-8D70-6A2B68C334A9}.Release|Any CPU.Build.0 = Release|Any CPU
		{04515FE7-47BF-4AD4-8109-EE72D1714FCE}.Debug|Any CPU.ActiveCfg = Debug|Any CPU
		{04515FE7-47BF-4AD4-8109-EE72D1714FCE}.Debug|Any CPU.Build.0 = Debug|Any CPU
		{04515FE7-47BF-4AD4-8109-EE72D1714FCE}.Release|Any CPU.ActiveCfg = Release|Any CPU
		{04515FE7-47BF-4AD4-8109-EE72D1714FCE}.Release|Any CPU.Build.0 = Release|Any CPU
		{2172DD9E-F7FF-45A1-B04A-334FC70892DB}.Debug|Any CPU.ActiveCfg = Debug|Any CPU
		{2172DD9E-F7FF-45A1-B04A-334FC70892DB}.Debug|Any CPU.Build.0 = Debug|Any CPU
		{2172DD9E-F7FF-45A1-B04A-334FC70892DB}.Release|Any CPU.ActiveCfg = Release|Any CPU
		{2172DD9E-F7FF-45A1-B04A-334FC70892DB}.Release|Any CPU.Build.0 = Release|Any CPU
		{92517DB8-D57B-4027-9E02-E5F308B6163B}.Debug|Any CPU.ActiveCfg = Debug|Any CPU
		{92517DB8-D57B-4027-9E02-E5F308B6163B}.Debug|Any CPU.Build.0 = Debug|Any CPU
		{92517DB8-D57B-4027-9E02-E5F308B6163B}.Release|Any CPU.ActiveCfg = Release|Any CPU
		{92517DB8-D57B-4027-9E02-E5F308B6163B}.Release|Any CPU.Build.0 = Release|Any CPU
		{91F60153-B5AE-4CC4-8313-765166B18998}.Debug|Any CPU.ActiveCfg = Debug|Any CPU
		{91F60153-B5AE-4CC4-8313-765166B18998}.Debug|Any CPU.Build.0 = Debug|Any CPU
		{91F60153-B5AE-4CC4-8313-765166B18998}.Release|Any CPU.ActiveCfg = Release|Any CPU
		{91F60153-B5AE-4CC4-8313-765166B18998}.Release|Any CPU.Build.0 = Release|Any CPU
		{A145CF94-E979-4C00-BF0B-F92B2DF66F79}.Debug|Any CPU.ActiveCfg = Debug|Any CPU
		{A145CF94-E979-4C00-BF0B-F92B2DF66F79}.Debug|Any CPU.Build.0 = Debug|Any CPU
		{A145CF94-E979-4C00-BF0B-F92B2DF66F79}.Release|Any CPU.ActiveCfg = Release|Any CPU
		{A145CF94-E979-4C00-BF0B-F92B2DF66F79}.Release|Any CPU.Build.0 = Release|Any CPU
		{83F5B0B6-74BA-4051-96C6-0B3958AE1170}.Debug|Any CPU.ActiveCfg = Debug|Any CPU
		{83F5B0B6-74BA-4051-96C6-0B3958AE1170}.Debug|Any CPU.Build.0 = Debug|Any CPU
		{83F5B0B6-74BA-4051-96C6-0B3958AE1170}.Release|Any CPU.ActiveCfg = Release|Any CPU
		{83F5B0B6-74BA-4051-96C6-0B3958AE1170}.Release|Any CPU.Build.0 = Release|Any CPU
		{B8B889AC-EA49-454A-BD51-B0653B17AE98}.Debug|Any CPU.ActiveCfg = Debug|Any CPU
		{B8B889AC-EA49-454A-BD51-B0653B17AE98}.Debug|Any CPU.Build.0 = Debug|Any CPU
		{B8B889AC-EA49-454A-BD51-B0653B17AE98}.Release|Any CPU.ActiveCfg = Release|Any CPU
		{B8B889AC-EA49-454A-BD51-B0653B17AE98}.Release|Any CPU.Build.0 = Release|Any CPU
		{5EED8562-4A9C-4D5A-8AA1-96F28B7B7757}.Debug|Any CPU.ActiveCfg = Debug|Any CPU
		{5EED8562-4A9C-4D5A-8AA1-96F28B7B7757}.Debug|Any CPU.Build.0 = Debug|Any CPU
		{5EED8562-4A9C-4D5A-8AA1-96F28B7B7757}.Release|Any CPU.ActiveCfg = Release|Any CPU
		{5EED8562-4A9C-4D5A-8AA1-96F28B7B7757}.Release|Any CPU.Build.0 = Release|Any CPU
		{935780F4-A427-47AD-BCD2-077DE4F2BBF9}.Debug|Any CPU.ActiveCfg = Debug|Any CPU
		{935780F4-A427-47AD-BCD2-077DE4F2BBF9}.Debug|Any CPU.Build.0 = Debug|Any CPU
		{935780F4-A427-47AD-BCD2-077DE4F2BBF9}.Release|Any CPU.ActiveCfg = Release|Any CPU
		{935780F4-A427-47AD-BCD2-077DE4F2BBF9}.Release|Any CPU.Build.0 = Release|Any CPU
		{052004D5-4733-42B6-A966-10F4FBD9015B}.Debug|Any CPU.ActiveCfg = Debug|Any CPU
		{052004D5-4733-42B6-A966-10F4FBD9015B}.Debug|Any CPU.Build.0 = Debug|Any CPU
		{052004D5-4733-42B6-A966-10F4FBD9015B}.Release|Any CPU.ActiveCfg = Release|Any CPU
		{052004D5-4733-42B6-A966-10F4FBD9015B}.Release|Any CPU.Build.0 = Release|Any CPU
		{4691B023-F8C6-4611-9A17-3C89C5E12F85}.Debug|Any CPU.ActiveCfg = Debug|Any CPU
		{4691B023-F8C6-4611-9A17-3C89C5E12F85}.Debug|Any CPU.Build.0 = Debug|Any CPU
		{4691B023-F8C6-4611-9A17-3C89C5E12F85}.Release|Any CPU.ActiveCfg = Release|Any CPU
		{4691B023-F8C6-4611-9A17-3C89C5E12F85}.Release|Any CPU.Build.0 = Release|Any CPU
		{C11EEFA0-07CE-445B-9F93-738C6F827792}.Debug|Any CPU.ActiveCfg = Debug|Any CPU
		{C11EEFA0-07CE-445B-9F93-738C6F827792}.Debug|Any CPU.Build.0 = Debug|Any CPU
		{C11EEFA0-07CE-445B-9F93-738C6F827792}.Release|Any CPU.ActiveCfg = Release|Any CPU
		{C11EEFA0-07CE-445B-9F93-738C6F827792}.Release|Any CPU.Build.0 = Release|Any CPU
		{AFD6E44A-B000-4EEE-B3ED-58BFCB921F0E}.Debug|Any CPU.ActiveCfg = Debug|Any CPU
		{AFD6E44A-B000-4EEE-B3ED-58BFCB921F0E}.Debug|Any CPU.Build.0 = Debug|Any CPU
		{AFD6E44A-B000-4EEE-B3ED-58BFCB921F0E}.Release|Any CPU.ActiveCfg = Release|Any CPU
		{AFD6E44A-B000-4EEE-B3ED-58BFCB921F0E}.Release|Any CPU.Build.0 = Release|Any CPU
		{40F55C3D-7FA7-4974-805F-F850E2107F21}.Debug|Any CPU.ActiveCfg = Debug|Any CPU
		{40F55C3D-7FA7-4974-805F-F850E2107F21}.Debug|Any CPU.Build.0 = Debug|Any CPU
		{40F55C3D-7FA7-4974-805F-F850E2107F21}.Release|Any CPU.ActiveCfg = Release|Any CPU
		{40F55C3D-7FA7-4974-805F-F850E2107F21}.Release|Any CPU.Build.0 = Release|Any CPU
		{65F04E02-E642-4EEB-BD94-39454D3908CC}.Debug|Any CPU.ActiveCfg = Debug|Any CPU
		{65F04E02-E642-4EEB-BD94-39454D3908CC}.Debug|Any CPU.Build.0 = Debug|Any CPU
		{65F04E02-E642-4EEB-BD94-39454D3908CC}.Release|Any CPU.ActiveCfg = Release|Any CPU
		{65F04E02-E642-4EEB-BD94-39454D3908CC}.Release|Any CPU.Build.0 = Release|Any CPU
		{41D5262F-7414-4DA3-A2E2-6F54BB5646C8}.Debug|Any CPU.ActiveCfg = Debug|Any CPU
		{41D5262F-7414-4DA3-A2E2-6F54BB5646C8}.Debug|Any CPU.Build.0 = Debug|Any CPU
		{41D5262F-7414-4DA3-A2E2-6F54BB5646C8}.Release|Any CPU.ActiveCfg = Release|Any CPU
		{41D5262F-7414-4DA3-A2E2-6F54BB5646C8}.Release|Any CPU.Build.0 = Release|Any CPU
		{A620F4F3-9089-4026-A2B0-0B5F503A6BDE}.Debug|Any CPU.ActiveCfg = Debug|Any CPU
		{A620F4F3-9089-4026-A2B0-0B5F503A6BDE}.Debug|Any CPU.Build.0 = Debug|Any CPU
		{A620F4F3-9089-4026-A2B0-0B5F503A6BDE}.Release|Any CPU.ActiveCfg = Release|Any CPU
		{A620F4F3-9089-4026-A2B0-0B5F503A6BDE}.Release|Any CPU.Build.0 = Release|Any CPU
		{98FA7BE1-87F1-4CFE-873A-1128EDDA12E1}.Debug|Any CPU.ActiveCfg = Debug|Any CPU
		{98FA7BE1-87F1-4CFE-873A-1128EDDA12E1}.Debug|Any CPU.Build.0 = Debug|Any CPU
		{98FA7BE1-87F1-4CFE-873A-1128EDDA12E1}.Release|Any CPU.ActiveCfg = Release|Any CPU
		{98FA7BE1-87F1-4CFE-873A-1128EDDA12E1}.Release|Any CPU.Build.0 = Release|Any CPU
		{C4D2E638-A270-41BE-9ABD-DE81D16984CD}.Debug|Any CPU.ActiveCfg = Debug|Any CPU
		{C4D2E638-A270-41BE-9ABD-DE81D16984CD}.Debug|Any CPU.Build.0 = Debug|Any CPU
		{C4D2E638-A270-41BE-9ABD-DE81D16984CD}.Release|Any CPU.ActiveCfg = Release|Any CPU
		{C4D2E638-A270-41BE-9ABD-DE81D16984CD}.Release|Any CPU.Build.0 = Release|Any CPU
		{3794C665-468E-40CA-8C67-5A3D246C16A4}.Debug|Any CPU.ActiveCfg = Debug|Any CPU
		{3794C665-468E-40CA-8C67-5A3D246C16A4}.Debug|Any CPU.Build.0 = Debug|Any CPU
		{3794C665-468E-40CA-8C67-5A3D246C16A4}.Release|Any CPU.ActiveCfg = Release|Any CPU
		{3794C665-468E-40CA-8C67-5A3D246C16A4}.Release|Any CPU.Build.0 = Release|Any CPU
		{9C6F5B79-371C-4F85-9AD0-C985D52E0569}.Debug|Any CPU.ActiveCfg = Debug|Any CPU
		{9C6F5B79-371C-4F85-9AD0-C985D52E0569}.Debug|Any CPU.Build.0 = Debug|Any CPU
		{9C6F5B79-371C-4F85-9AD0-C985D52E0569}.Release|Any CPU.ActiveCfg = Release|Any CPU
		{9C6F5B79-371C-4F85-9AD0-C985D52E0569}.Release|Any CPU.Build.0 = Release|Any CPU
	EndGlobalSection
	GlobalSection(SolutionProperties) = preSolution
		HideSolutionNode = FALSE
	EndGlobalSection
	GlobalSection(NestedProjects) = preSolution
		{DEF77369-284A-41FF-8275-23541A1CC10E} = {F8B47C95-DE43-4D1A-AE12-D13B9DB48699}
		{CD79FC0A-4BE7-4C79-9EBA-9EAC087DC7A1} = {F8B47C95-DE43-4D1A-AE12-D13B9DB48699}
		{CE8588B5-E5AE-4ECF-BEB4-2C058D96C983} = {649212CD-5B9C-4249-B0FA-06ABD1E1ADE5}
		{7ABF982A-1FBD-4208-9F03-A0126469C0BE} = {F8B47C95-DE43-4D1A-AE12-D13B9DB48699}
		{21193507-7F03-4C5B-8D70-6A2B68C334A9} = {F8B47C95-DE43-4D1A-AE12-D13B9DB48699}
		{04515FE7-47BF-4AD4-8109-EE72D1714FCE} = {F8B47C95-DE43-4D1A-AE12-D13B9DB48699}
		{2172DD9E-F7FF-45A1-B04A-334FC70892DB} = {F8B47C95-DE43-4D1A-AE12-D13B9DB48699}
		{92517DB8-D57B-4027-9E02-E5F308B6163B} = {F8B47C95-DE43-4D1A-AE12-D13B9DB48699}
		{91F60153-B5AE-4CC4-8313-765166B18998} = {F8B47C95-DE43-4D1A-AE12-D13B9DB48699}
		{A145CF94-E979-4C00-BF0B-F92B2DF66F79} = {649212CD-5B9C-4249-B0FA-06ABD1E1ADE5}
		{83F5B0B6-74BA-4051-96C6-0B3958AE1170} = {649212CD-5B9C-4249-B0FA-06ABD1E1ADE5}
		{B8B889AC-EA49-454A-BD51-B0653B17AE98} = {649212CD-5B9C-4249-B0FA-06ABD1E1ADE5}
		{5EED8562-4A9C-4D5A-8AA1-96F28B7B7757} = {F8B47C95-DE43-4D1A-AE12-D13B9DB48699}
		{935780F4-A427-47AD-BCD2-077DE4F2BBF9} = {F8B47C95-DE43-4D1A-AE12-D13B9DB48699}
		{052004D5-4733-42B6-A966-10F4FBD9015B} = {F8B47C95-DE43-4D1A-AE12-D13B9DB48699}
		{4691B023-F8C6-4611-9A17-3C89C5E12F85} = {F8B47C95-DE43-4D1A-AE12-D13B9DB48699}
		{C11EEFA0-07CE-445B-9F93-738C6F827792} = {F8B47C95-DE43-4D1A-AE12-D13B9DB48699}
		{AFD6E44A-B000-4EEE-B3ED-58BFCB921F0E} = {F8B47C95-DE43-4D1A-AE12-D13B9DB48699}
		{40F55C3D-7FA7-4974-805F-F850E2107F21} = {F8B47C95-DE43-4D1A-AE12-D13B9DB48699}
		{65F04E02-E642-4EEB-BD94-39454D3908CC} = {F8B47C95-DE43-4D1A-AE12-D13B9DB48699}
		{41D5262F-7414-4DA3-A2E2-6F54BB5646C8} = {F8B47C95-DE43-4D1A-AE12-D13B9DB48699}
		{A620F4F3-9089-4026-A2B0-0B5F503A6BDE} = {F8B47C95-DE43-4D1A-AE12-D13B9DB48699}
		{98FA7BE1-87F1-4CFE-873A-1128EDDA12E1} = {649212CD-5B9C-4249-B0FA-06ABD1E1ADE5}
		{C4D2E638-A270-41BE-9ABD-DE81D16984CD} = {649212CD-5B9C-4249-B0FA-06ABD1E1ADE5}
		{3794C665-468E-40CA-8C67-5A3D246C16A4} = {F8B47C95-DE43-4D1A-AE12-D13B9DB48699}
		{9C6F5B79-371C-4F85-9AD0-C985D52E0569} = {F8B47C95-DE43-4D1A-AE12-D13B9DB48699}
	EndGlobalSection
	GlobalSection(ExtensibilityGlobals) = postSolution
		SolutionGuid = {9B8C4C17-E7FE-45B2-8576-3C38AFFFB8EC}
	EndGlobalSection
EndGlobal
